<?xml version="1.0" encoding="utf-8"?>
<Project ToolsVersion="4.0" xmlns="http://schemas.microsoft.com/developer/msbuild/2003">
  <ItemGroup>
    <Filter Include="Source Files">
      <UniqueIdentifier>{4FC737F1-C7A5-4376-A066-2A32D752A2FF}</UniqueIdentifier>
      <Extensions>cpp;c;cc;cxx;def;odl;idl;hpj;bat;asm;asmx</Extensions>
    </Filter>
    <Filter Include="Header Files">
      <UniqueIdentifier>{93995380-89BD-4b04-88EB-625FBE52EBFB}</UniqueIdentifier>
      <Extensions>h;hpp;hxx;hm;inl;inc;xsd</Extensions>
    </Filter>
  </ItemGroup>
  <ItemGroup>
    <ClCompile Include="src\basis.cc">
      <Filter>Source Files</Filter>
    </ClCompile>
    <ClCompile Include="src\basis_c.c">
      <Filter>Source Files</Filter>
    </ClCompile>
    <ClCompile Include="src\geom.c">
      <Filter>Source Files</Filter>
    </ClCompile>
    <ClCompile Include="src\matrix.cc">
      <Filter>Source Files</Filter>
    </ClCompile>
    <ClCompile Include="src\matrix_c.c">
      <Filter>Source Files</Filter>
    </ClCompile>
    <ClCompile Include="src\quat.cc">
      <Filter>Source Files</Filter>
    </ClCompile>
    <ClCompile Include="src\quat_c.c">
      <Filter>Source Files</Filter>
    </ClCompile>
    <ClCompile Include="src\ray.cc">
      <Filter>Source Files</Filter>
    </ClCompile>
    <ClCompile Include="src\ray_c.c">
      <Filter>Source Files</Filter>
    </ClCompile>
    <ClCompile Include="src\sphvec.cc">
      <Filter>Source Files</Filter>
    </ClCompile>
    <ClCompile Include="src\vector.cc">
      <Filter>Source Files</Filter>
    </ClCompile>
    <ClCompile Include="src\vmath.c">
      <Filter>Source Files</Filter>
    </ClCompile>
  </ItemGroup>
  <ItemGroup>
    <ClInclude Include="src\basis.h">
      <Filter>Header Files</Filter>
    </ClInclude>
    <ClInclude Include="src\geom.h">
      <Filter>Header Files</Filter>
    </ClInclude>
    <ClInclude Include="src\matrix.h">
      <Filter>Header Files</Filter>
    </ClInclude>
    <ClInclude Include="src\quat.h">
      <Filter>Header Files</Filter>
    </ClInclude>
    <ClInclude Include="src\ray.h">
      <Filter>Header Files</Filter>
    </ClInclude>
    <ClInclude Include="src\sphvec.h">
      <Filter>Header Files</Filter>
    </ClInclude>
    <ClInclude Include="src\vector.h">
      <Filter>Header Files</Filter>
    </ClInclude>
    <ClInclude Include="src\vmath.h">
      <Filter>Header Files</Filter>
    </ClInclude>
    <ClInclude Include="src\vmath_config.h">
      <Filter>Header Files</Filter>
    </ClInclude>
    <ClInclude Include="src\vmath_types.h">
      <Filter>Header Files</Filter>
    </ClInclude>
  </ItemGroup>
  <ItemGroup>
    <None Include="src\matrix.inl">
      <Filter>Header Files</Filter>
    </None>
    <None Include="src\quat.inl">
      <Filter>Header Files</Filter>
    </None>
    <None Include="src\ray.inl">
      <Filter>Header Files</Filter>
    </None>
    <None Include="src\vector.inl">
      <Filter>Header Files</Filter>
    </None>
    <None Include="src\vmath.inl">
      <Filter>Header Files</Filter>
    </None>
  </ItemGroup>
</Project>