
Microsoft Visual Studio Solution File, Format Version 10.00
# Visual C++ Express 2008
Project("{8BC9CEB8-8B4A-11D0-8D11-00A0C91BC942}") = "libvmath", "libvmath.vcproj", "{A2856EB3-1C09-4115-8B06-4E872077C668}"
EndProject
Global
	GlobalSection(SolutionConfigurationPlatforms) = preSolution
		Debug|Win32 = Debug|Win32
		Release|Win32 = Release|Win32
	EndGlobalSection
	GlobalSection(ProjectConfigurationPlatforms) = postSolution
		{A2856EB3-1C09-4115-8B06-4E872077C668}.Debug|Win32.ActiveCfg = Debug|Win32
		{A2856EB3-1C09-4115-8B06-4E872077C668}.Debug|Win32.Build.0 = Debug|Win32
		{A2856EB3-1C09-4115-8B06-4E872077C668}.Release|Win32.ActiveCfg = Release|Win32
		{A2856EB3-1C09-4115-8B06-4E872077C668}.Release|Win32.Build.0 = Release|Win32
	EndGlobalSection
	GlobalSection(SolutionProperties) = preSolution
		HideSolutionNode = FALSE
	EndGlobalSection
EndGlobal
